// !$*UTF8*$!
{
	archiveVersion = 1;
	classes = {
	};
	objectVersion = 55;
	objects = {

/* Begin PBXBuildFile section */
		770BA00928A4F4BE000B3C33 /* DetailsViewController.swift in Sources */ = {isa = PBXBuildFile; fileRef = 770BA00828A4F4BE000B3C33 /* DetailsViewController.swift */; };
		7774C05628A539CF004BC1BA /* AhmedStoryboard.storyboard in Resources */ = {isa = PBXBuildFile; fileRef = 7774C05528A539CF004BC1BA /* AhmedStoryboard.storyboard */; };
		778017EF28A12C82003A7C55 /* AppDelegate.swift in Sources */ = {isa = PBXBuildFile; fileRef = 778017EE28A12C82003A7C55 /* AppDelegate.swift */; };
		778017F128A12C82003A7C55 /* SceneDelegate.swift in Sources */ = {isa = PBXBuildFile; fileRef = 778017F028A12C82003A7C55 /* SceneDelegate.swift */; };
		778017F328A12C82003A7C55 /* ViewController.swift in Sources */ = {isa = PBXBuildFile; fileRef = 778017F228A12C82003A7C55 /* ViewController.swift */; };
		778017F628A12C82003A7C55 /* Main.storyboard in Resources */ = {isa = PBXBuildFile; fileRef = 778017F428A12C82003A7C55 /* Main.storyboard */; };
		778017F828A12C85003A7C55 /* Assets.xcassets in Resources */ = {isa = PBXBuildFile; fileRef = 778017F728A12C85003A7C55 /* Assets.xcassets */; };
		778017FB28A12C85003A7C55 /* LaunchScreen.storyboard in Resources */ = {isa = PBXBuildFile; fileRef = 778017F928A12C85003A7C55 /* LaunchScreen.storyboard */; };
		77A4708C28A5042A0070A302 /* MayarStoryboard.storyboard in Resources */ = {isa = PBXBuildFile; fileRef = 77A4708B28A5042A0070A302 /* MayarStoryboard.storyboard */; };
/* End PBXBuildFile section */

/* Begin PBXFileReference section */
		770BA00828A4F4BE000B3C33 /* DetailsViewController.swift */ = {isa = PBXFileReference; lastKnownFileType = sourcecode.swift; path = DetailsViewController.swift; sourceTree = "<group>"; };
		7774C05528A539CF004BC1BA /* AhmedStoryboard.storyboard */ = {isa = PBXFileReference; lastKnownFileType = file.storyboard; path = AhmedStoryboard.storyboard; sourceTree = "<group>"; };
		778017EB28A12C82003A7C55 /* TestApp.app */ = {isa = PBXFileReference; explicitFileType = wrapper.application; includeInIndex = 0; path = TestApp.app; sourceTree = BUILT_PRODUCTS_DIR; };
		778017EE28A12C82003A7C55 /* AppDelegate.swift */ = {isa = PBXFileReference; lastKnownFileType = sourcecode.swift; path = AppDelegate.swift; sourceTree = "<group>"; };
		778017F028A12C82003A7C55 /* SceneDelegate.swift */ = {isa = PBXFileReference; lastKnownFileType = sourcecode.swift; path = SceneDelegate.swift; sourceTree = "<group>"; };
		778017F228A12C82003A7C55 /* ViewController.swift */ = {isa = PBXFileReference; lastKnownFileType = sourcecode.swift; path = ViewController.swift; sourceTree = "<group>"; };
		778017F528A12C82003A7C55 /* Base */ = {isa = PBXFileReference; lastKnownFileType = file.storyboard; name = Base; path = Base.lproj/Main.storyboard; sourceTree = "<group>"; };
		778017F728A12C85003A7C55 /* Assets.xcassets */ = {isa = PBXFileReference; lastKnownFileType = folder.assetcatalog; path = Assets.xcassets; sourceTree = "<group>"; };
		778017FA28A12C85003A7C55 /* Base */ = {isa = PBXFileReference; lastKnownFileType = file.storyboard; name = Base; path = Base.lproj/LaunchScreen.storyboard; sourceTree = "<group>"; };
		778017FC28A12C85003A7C55 /* Info.plist */ = {isa = PBXFileReference; lastKnownFileType = text.plist.xml; path = Info.plist; sourceTree = "<group>"; };
		77A4708B28A5042A0070A302 /* MayarStoryboard.storyboard */ = {isa = PBXFileReference; fileEncoding = 4; lastKnownFileType = file.storyboard; name = MayarStoryboard.storyboard; path = ../../../../.Trash/MayarStoryboard.storyboard; sourceTree = "<group>"; };
/* End PBXFileReference section */

/* Begin PBXFrameworksBuildPhase section */
		778017E828A12C82003A7C55 /* Frameworks */ = {
			isa = PBXFrameworksBuildPhase;
			buildActionMask = 2147483647;
			files = (
			);
			runOnlyForDeploymentPostprocessing = 0;
		};
/* End PBXFrameworksBuildPhase section */

/* Begin PBXGroup section */
		770BA00A28A4F63D000B3C33 /* Views */ = {
			isa = PBXGroup;
			children = (
				77A4708B28A5042A0070A302 /* MayarStoryboard.storyboard */,
				778017F428A12C82003A7C55 /* Main.storyboard */,
				7774C05528A539CF004BC1BA /* AhmedStoryboard.storyboard */,
			);
			path = Views;
			sourceTree = "<group>";
		};
		770BA00B28A4F65D000B3C33 /* Application */ = {
			isa = PBXGroup;
			children = (
				778017EE28A12C82003A7C55 /* AppDelegate.swift */,
				778017F028A12C82003A7C55 /* SceneDelegate.swift */,
			);
			path = Application;
			sourceTree = "<group>";
		};
		770BA00C28A4F66B000B3C33 /* Controllers */ = {
			isa = PBXGroup;
			children = (
				770BA00828A4F4BE000B3C33 /* DetailsViewController.swift */,
				778017F228A12C82003A7C55 /* ViewController.swift */,
			);
			path = Controllers;
			sourceTree = "<group>";
		};
		770BA00D28A4F67B000B3C33 /* Resources */ = {
			isa = PBXGroup;
			children = (
				778017F728A12C85003A7C55 /* Assets.xcassets */,
				778017F928A12C85003A7C55 /* LaunchScreen.storyboard */,
			);
			path = Resources;
			sourceTree = "<group>";
		};
		770BA00E28A4F697000B3C33 /* Configuration */ = {
			isa = PBXGroup;
			children = (
				778017FC28A12C85003A7C55 /* Info.plist */,
			);
			path = Configuration;
			sourceTree = "<group>";
		};
		778017E228A12C82003A7C55 = {
			isa = PBXGroup;
			children = (
				778017ED28A12C82003A7C55 /* TestApp */,
				778017EC28A12C82003A7C55 /* Products */,
			);
			sourceTree = "<group>";
		};
		778017EC28A12C82003A7C55 /* Products */ = {
			isa = PBXGroup;
			children = (
				778017EB28A12C82003A7C55 /* TestApp.app */,
			);
			name = Products;
			sourceTree = "<group>";
		};
		778017ED28A12C82003A7C55 /* TestApp */ = {
			isa = PBXGroup;
			children = (
				770BA00B28A4F65D000B3C33 /* Application */,
				770BA00A28A4F63D000B3C33 /* Views */,
				770BA00C28A4F66B000B3C33 /* Controllers */,
				770BA00D28A4F67B000B3C33 /* Resources */,
				770BA00E28A4F697000B3C33 /* Configuration */,
			);
			path = TestApp;
			sourceTree = "<group>";
		};
/* End PBXGroup section */

/* Begin PBXNativeTarget section */
		778017EA28A12C82003A7C55 /* TestApp */ = {
			isa = PBXNativeTarget;
			buildConfigurationList = 778017FF28A12C85003A7C55 /* Build configuration list for PBXNativeTarget "TestApp" */;
			buildPhases = (
				778017E728A12C82003A7C55 /* Sources */,
				778017E828A12C82003A7C55 /* Frameworks */,
				778017E928A12C82003A7C55 /* Resources */,
			);
			buildRules = (
			);
			dependencies = (
			);
			name = TestApp;
			productName = TestApp;
			productReference = 778017EB28A12C82003A7C55 /* TestApp.app */;
			productType = "com.apple.product-type.application";
		};
/* End PBXNativeTarget section */

/* Begin PBXProject section */
		778017E328A12C82003A7C55 /* Project object */ = {
			isa = PBXProject;
			attributes = {
				BuildIndependentTargetsInParallel = 1;
				LastSwiftUpdateCheck = 1310;
				LastUpgradeCheck = 1310;
				TargetAttributes = {
					778017EA28A12C82003A7C55 = {
						CreatedOnToolsVersion = 13.1;
					};
				};
			};
			buildConfigurationList = 778017E628A12C82003A7C55 /* Build configuration list for PBXProject "TestApp" */;
			compatibilityVersion = "Xcode 13.0";
			developmentRegion = en;
			hasScannedForEncodings = 0;
			knownRegions = (
				en,
				Base,
			);
			mainGroup = 778017E228A12C82003A7C55;
			productRefGroup = 778017EC28A12C82003A7C55 /* Products */;
			projectDirPath = "";
			projectRoot = "";
			targets = (
				778017EA28A12C82003A7C55 /* TestApp */,
			);
		};
/* End PBXProject section */

/* Begin PBXResourcesBuildPhase section */
		778017E928A12C82003A7C55 /* Resources */ = {
			isa = PBXResourcesBuildPhase;
			buildActionMask = 2147483647;
			files = (
				77A4708C28A5042A0070A302 /* MayarStoryboard.storyboard in Resources */,
				7774C05628A539CF004BC1BA /* AhmedStoryboard.storyboard in Resources */,
				778017FB28A12C85003A7C55 /* LaunchScreen.storyboard in Resources */,
				778017F828A12C85003A7C55 /* Assets.xcassets in Resources */,
				778017F628A12C82003A7C55 /* Main.storyboard in Resources */,
			);
			runOnlyForDeploymentPostprocessing = 0;
		};
/* End PBXResourcesBuildPhase section */

/* Begin PBXSourcesBuildPhase section */
		778017E728A12C82003A7C55 /* Sources */ = {
			isa = PBXSourcesBuildPhase;
			buildActionMask = 2147483647;
			files = (
				778017F328A12C82003A7C55 /* ViewController.swift in Sources */,
				778017EF28A12C82003A7C55 /* AppDelegate.swift in Sources */,
				778017F128A12C82003A7C55 /* SceneDelegate.swift in Sources */,
				770BA00928A4F4BE000B3C33 /* DetailsViewController.swift in Sources */,
			);
			runOnlyForDeploymentPostprocessing = 0;
		};
/* End PBXSourcesBuildPhase section */

/* Begin PBXVariantGroup section */
		778017F428A12C82003A7C55 /* Main.storyboard */ = {
			isa = PBXVariantGroup;
			children = (
				778017F528A12C82003A7C55 /* Base */,
			);
			name = Main.storyboard;
			sourceTree = "<group>";
		};
		778017F928A12C85003A7C55 /* LaunchScreen.storyboard */ = {
			isa = PBXVariantGroup;
			children = (
				778017FA28A12C85003A7C55 /* Base */,
			);
			name = LaunchScreen.storyboard;
			sourceTree = "<group>";
		};
/* End PBXVariantGroup section */

/* Begin XCBuildConfiguration section */
		778017FD28A12C85003A7C55 /* Debug */ = {
			isa = XCBuildConfiguration;
			buildSettings = {
				ALWAYS_SEARCH_USER_PATHS = NO;
				CLANG_ANALYZER_NONNULL = YES;
				CLANG_ANALYZER_NUMBER_OBJECT_CONVERSION = YES_AGGRESSIVE;
				CLANG_CXX_LANGUAGE_STANDARD = "gnu++17";
				CLANG_CXX_LIBRARY = "libc++";
				CLANG_ENABLE_MODULES = YES;
				CLANG_ENABLE_OBJC_ARC = YES;
				CLANG_ENABLE_OBJC_WEAK = YES;
				CLANG_WARN_BLOCK_CAPTURE_AUTORELEASING = YES;
				CLANG_WARN_BOOL_CONVERSION = YES;
				CLANG_WARN_COMMA = YES;
				CLANG_WARN_CONSTANT_CONVERSION = YES;
				CLANG_WARN_DEPRECATED_OBJC_IMPLEMENTATIONS = YES;
				CLANG_WARN_DIRECT_OBJC_ISA_USAGE = YES_ERROR;
				CLANG_WARN_DOCUMENTATION_COMMENTS = YES;
				CLANG_WARN_EMPTY_BODY = YES;
				CLANG_WARN_ENUM_CONVERSION = YES;
				CLANG_WARN_INFINITE_RECURSION = YES;
				CLANG_WARN_INT_CONVERSION = YES;
				CLANG_WARN_NON_LITERAL_NULL_CONVERSION = YES;
				CLANG_WARN_OBJC_IMPLICIT_RETAIN_SELF = YES;
				CLANG_WARN_OBJC_LITERAL_CONVERSION = YES;
				CLANG_WARN_OBJC_ROOT_CLASS = YES_ERROR;
				CLANG_WARN_QUOTED_INCLUDE_IN_FRAMEWORK_HEADER = YES;
				CLANG_WARN_RANGE_LOOP_ANALYSIS = YES;
				CLANG_WARN_STRICT_PROTOTYPES = YES;
				CLANG_WARN_SUSPICIOUS_MOVE = YES;
				CLANG_WARN_UNGUARDED_AVAILABILITY = YES_AGGRESSIVE;
				CLANG_WARN_UNREACHABLE_CODE = YES;
				CLANG_WARN__DUPLICATE_METHOD_MATCH = YES;
				COPY_PHASE_STRIP = NO;
				DEBUG_INFORMATION_FORMAT = dwarf;
				ENABLE_STRICT_OBJC_MSGSEND = YES;
				ENABLE_TESTABILITY = YES;
				GCC_C_LANGUAGE_STANDARD = gnu11;
				GCC_DYNAMIC_NO_PIC = NO;
				GCC_NO_COMMON_BLOCKS = YES;
				GCC_OPTIMIZATION_LEVEL = 0;
				GCC_PREPROCESSOR_DEFINITIONS = (
					"DEBUG=1",
					"$(inherited)",
				);
				GCC_WARN_64_TO_32_BIT_CONVERSION = YES;
				GCC_WARN_ABOUT_RETURN_TYPE = YES_ERROR;
				GCC_WARN_UNDECLARED_SELECTOR = YES;
				GCC_WARN_UNINITIALIZED_AUTOS = YES_AGGRESSIVE;
				GCC_WARN_UNUSED_FUNCTION = YES;
				GCC_WARN_UNUSED_VARIABLE = YES;
				IPHONEOS_DEPLOYMENT_TARGET = 15.0;
				MTL_ENABLE_DEBUG_INFO = INCLUDE_SOURCE;
				MTL_FAST_MATH = YES;
				ONLY_ACTIVE_ARCH = YES;
				SDKROOT = iphoneos;
				SWIFT_ACTIVE_COMPILATION_CONDITIONS = DEBUG;
				SWIFT_OPTIMIZATION_LEVEL = "-Onone";
			};
			name = Debug;
		};
		778017FE28A12C85003A7C55 /* Release */ = {
			isa = XCBuildConfiguration;
			buildSettings = {
				ALWAYS_SEARCH_USER_PATHS = NO;
				CLANG_ANALYZER_NONNULL = YES;
				CLANG_ANALYZER_NUMBER_OBJECT_CONVERSION = YES_AGGRESSIVE;
				CLANG_CXX_LANGUAGE_STANDARD = "gnu++17";
				CLANG_CXX_LIBRARY = "libc++";
				CLANG_ENABLE_MODULES = YES;
				CLANG_ENABLE_OBJC_ARC = YES;
				CLANG_ENABLE_OBJC_WEAK = YES;
				CLANG_WARN_BLOCK_CAPTURE_AUTORELEASING = YES;
				CLANG_WARN_BOOL_CONVERSION = YES;
				CLANG_WARN_COMMA = YES;
				CLANG_WARN_CONSTANT_CONVERSION = YES;
				CLANG_WARN_DEPRECATED_OBJC_IMPLEMENTATIONS = YES;
				CLANG_WARN_DIRECT_OBJC_ISA_USAGE = YES_ERROR;
				CLANG_WARN_DOCUMENTATION_COMMENTS = YES;
				CLANG_WARN_EMPTY_BODY = YES;
				CLANG_WARN_ENUM_CONVERSION = YES;
				CLANG_WARN_INFINITE_RECURSION = YES;
				CLANG_WARN_INT_CONVERSION = YES;
				CLANG_WARN_NON_LITERAL_NULL_CONVERSION = YES;
				CLANG_WARN_OBJC_IMPLICIT_RETAIN_SELF = YES;
				CLANG_WARN_OBJC_LITERAL_CONVERSION = YES;
				CLANG_WARN_OBJC_ROOT_CLASS = YES_ERROR;
				CLANG_WARN_QUOTED_INCLUDE_IN_FRAMEWORK_HEADER = YES;
				CLANG_WARN_RANGE_LOOP_ANALYSIS = YES;
				CLANG_WARN_STRICT_PROTOTYPES = YES;
				CLANG_WARN_SUSPICIOUS_MOVE = YES;
				CLANG_WARN_UNGUARDED_AVAILABILITY = YES_AGGRESSIVE;
				CLANG_WARN_UNREACHABLE_CODE = YES;
				CLANG_WARN__DUPLICATE_METHOD_MATCH = YES;
				COPY_PHASE_STRIP = NO;
				DEBUG_INFORMATION_FORMAT = "dwarf-with-dsym";
				ENABLE_NS_ASSERTIONS = NO;
				ENABLE_STRICT_OBJC_MSGSEND = YES;
				GCC_C_LANGUAGE_STANDARD = gnu11;
				GCC_NO_COMMON_BLOCKS = YES;
				GCC_WARN_64_TO_32_BIT_CONVERSION = YES;
				GCC_WARN_ABOUT_RETURN_TYPE = YES_ERROR;
				GCC_WARN_UNDECLARED_SELECTOR = YES;
				GCC_WARN_UNINITIALIZED_AUTOS = YES_AGGRESSIVE;
				GCC_WARN_UNUSED_FUNCTION = YES;
				GCC_WARN_UNUSED_VARIABLE = YES;
				IPHONEOS_DEPLOYMENT_TARGET = 15.0;
				MTL_ENABLE_DEBUG_INFO = NO;
				MTL_FAST_MATH = YES;
				SDKROOT = iphoneos;
				SWIFT_COMPILATION_MODE = wholemodule;
				SWIFT_OPTIMIZATION_LEVEL = "-O";
				VALIDATE_PRODUCT = YES;
			};
			name = Release;
		};
		7780180028A12C85003A7C55 /* Debug */ = {
			isa = XCBuildConfiguration;
			buildSettings = {
				ASSETCATALOG_COMPILER_APPICON_NAME = AppIcon;
				ASSETCATALOG_COMPILER_GLOBAL_ACCENT_COLOR_NAME = AccentColor;
				CODE_SIGN_STYLE = Automatic;
				CURRENT_PROJECT_VERSION = 1;
				DEVELOPMENT_TEAM = CCMX2VN7RN;
				GENERATE_INFOPLIST_FILE = YES;
				INFOPLIST_FILE = TestApp/Configuration/Info.plist;
				INFOPLIST_KEY_CFBundleDisplayName = "Test App";
				INFOPLIST_KEY_UIApplicationSupportsIndirectInputEvents = YES;
				INFOPLIST_KEY_UILaunchStoryboardName = LaunchScreen;
				INFOPLIST_KEY_UIMainStoryboardFile = Main;
				INFOPLIST_KEY_UISupportedInterfaceOrientations_iPad = "UIInterfaceOrientationPortrait UIInterfaceOrientationPortraitUpsideDown UIInterfaceOrientationLandscapeLeft UIInterfaceOrientationLandscapeRight";
				INFOPLIST_KEY_UISupportedInterfaceOrientations_iPhone = "UIInterfaceOrientationPortrait UIInterfaceOrientationLandscapeLeft UIInterfaceOrientationLandscapeRight";
				LD_RUNPATH_SEARCH_PATHS = (
					"$(inherited)",
					"@executable_path/Frameworks",
				);
				MARKETING_VERSION = 1.0;
				PRODUCT_BUNDLE_IDENTIFIER = com.mayar.ntg.test;
				PRODUCT_NAME = "$(TARGET_NAME)";
				SWIFT_EMIT_LOC_STRINGS = YES;
				SWIFT_VERSION = 5.0;
				TARGETED_DEVICE_FAMILY = "1,2";
			};
			name = Debug;
		};
		7780180128A12C85003A7C55 /* Release */ = {
			isa = XCBuildConfiguration;
			buildSettings = {
				ASSETCATALOG_COMPILER_APPICON_NAME = AppIcon;
				ASSETCATALOG_COMPILER_GLOBAL_ACCENT_COLOR_NAME = AccentColor;
				CODE_SIGN_IDENTITY = "Apple Development";
				CODE_SIGN_STYLE = Automatic;
				CURRENT_PROJECT_VERSION = 1;
				DEVELOPMENT_TEAM = GZ93545KF8;
				GENERATE_INFOPLIST_FILE = YES;
				INFOPLIST_FILE = TestApp/Configuration/Info.plist;
				INFOPLIST_KEY_CFBundleDisplayName = "Test App";
				INFOPLIST_KEY_UIApplicationSupportsIndirectInputEvents = YES;
				INFOPLIST_KEY_UILaunchStoryboardName = LaunchScreen;
				INFOPLIST_KEY_UIMainStoryboardFile = Main;
				INFOPLIST_KEY_UISupportedInterfaceOrientations_iPad = "UIInterfaceOrientationPortrait UIInterfaceOrientationPortraitUpsideDown UIInterfaceOrientationLandscapeLeft UIInterfaceOrientationLandscapeRight";
				INFOPLIST_KEY_UISupportedInterfaceOrientations_iPhone = "UIInterfaceOrientationPortrait UIInterfaceOrientationLandscapeLeft UIInterfaceOrientationLandscapeRight";
				LD_RUNPATH_SEARCH_PATHS = (
					"$(inherited)",
					"@executable_path/Frameworks",
				);
				MARKETING_VERSION = 1.0;
				PRODUCT_BUNDLE_IDENTIFIER = com.ntg.test;
				PRODUCT_NAME = "$(TARGET_NAME)";
				PROVISIONING_PROFILE_SPECIFIER = "";
				SWIFT_EMIT_LOC_STRINGS = YES;
				SWIFT_VERSION = 5.0;
				TARGETED_DEVICE_FAMILY = "1,2";
			};
			name = Release;
		};
/* End XCBuildConfiguration section */

/* Begin XCConfigurationList section */
		778017E628A12C82003A7C55 /* Build configuration list for PBXProject "TestApp" */ = {
			isa = XCConfigurationList;
			buildConfigurations = (
				778017FD28A12C85003A7C55 /* Debug */,
				778017FE28A12C85003A7C55 /* Release */,
			);
			defaultConfigurationIsVisible = 0;
			defaultConfigurationName = Release;
		};
		778017FF28A12C85003A7C55 /* Build configuration list for PBXNativeTarget "TestApp" */ = {
			isa = XCConfigurationList;
			buildConfigurations = (
				7780180028A12C85003A7C55 /* Debug */,
				7780180128A12C85003A7C55 /* Release */,
			);
			defaultConfigurationIsVisible = 0;
			defaultConfigurationName = Release;
		};
/* End XCConfigurationList section */
	};
	rootObject = 778017E328A12C82003A7C55 /* Project object */;
}
